// !$*UTF8*$!
{
	archiveVersion = 1;
	classes = {
	};
	objectVersion = 46;
	objects = {

/* Begin PBXBuildFile section */
		34067E38FCA05E55457F9742 /* Pods_QuickDo.framework in Frameworks */ = {isa = PBXBuildFile; fileRef = 44EDDA4AEDEBA67AC9B88C82 /* Pods_QuickDo.framework */; };
		5734DD4A1E10806900A1D414 /* UITextField+Padding.swift in Sources */ = {isa = PBXBuildFile; fileRef = 5734DD491E10806900A1D414 /* UITextField+Padding.swift */; };
		5734DD4C1E112F5B00A1D414 /* UIColor+Hex.swift in Sources */ = {isa = PBXBuildFile; fileRef = 5734DD4B1E112F5B00A1D414 /* UIColor+Hex.swift */; };
		573E27C81E0AC0A8008EAED9 /* AppDelegate.swift in Sources */ = {isa = PBXBuildFile; fileRef = 573E27C71E0AC0A8008EAED9 /* AppDelegate.swift */; };
		573E27CF1E0AC0A8008EAED9 /* Assets.xcassets in Resources */ = {isa = PBXBuildFile; fileRef = 573E27CE1E0AC0A8008EAED9 /* Assets.xcassets */; };
		573E27D21E0AC0A8008EAED9 /* LaunchScreen.storyboard in Resources */ = {isa = PBXBuildFile; fileRef = 573E27D01E0AC0A8008EAED9 /* LaunchScreen.storyboard */; };
		573E27DD1E0AC0A8008EAED9 /* QuickDoTests.swift in Sources */ = {isa = PBXBuildFile; fileRef = 573E27DC1E0AC0A8008EAED9 /* QuickDoTests.swift */; };
		5746F5E11E0B041F00F9AD84 /* TodoViewController.swift in Sources */ = {isa = PBXBuildFile; fileRef = 5746F5E01E0B041F00F9AD84 /* TodoViewController.swift */; };
		57755CD11E0D8ACD009CA196 /* Todo.swift in Sources */ = {isa = PBXBuildFile; fileRef = 57755CD01E0D8ACD009CA196 /* Todo.swift */; };
		DB1C4DF685A8D79C0AEBBA10 /* Pods_QuickDoTests.framework in Frameworks */ = {isa = PBXBuildFile; fileRef = 14C53DA25DF87B8AE7D904DA /* Pods_QuickDoTests.framework */; };
/* End PBXBuildFile section */

/* Begin PBXContainerItemProxy section */
		573E27D91E0AC0A8008EAED9 /* PBXContainerItemProxy */ = {
			isa = PBXContainerItemProxy;
			containerPortal = 573E27BC1E0AC0A8008EAED9 /* Project object */;
			proxyType = 1;
			remoteGlobalIDString = 573E27C31E0AC0A8008EAED9;
			remoteInfo = QuickDo;
		};
/* End PBXContainerItemProxy section */

/* Begin PBXFileReference section */
		14C53DA25DF87B8AE7D904DA /* Pods_QuickDoTests.framework */ = {isa = PBXFileReference; explicitFileType = wrapper.framework; includeInIndex = 0; path = Pods_QuickDoTests.framework; sourceTree = BUILT_PRODUCTS_DIR; };
		44EDDA4AEDEBA67AC9B88C82 /* Pods_QuickDo.framework */ = {isa = PBXFileReference; explicitFileType = wrapper.framework; includeInIndex = 0; path = Pods_QuickDo.framework; sourceTree = BUILT_PRODUCTS_DIR; };
		510B1E95B90032C45684076E /* Pods-QuickDoTests.release.xcconfig */ = {isa = PBXFileReference; includeInIndex = 1; lastKnownFileType = text.xcconfig; name = "Pods-QuickDoTests.release.xcconfig"; path = "Pods/Target Support Files/Pods-QuickDoTests/Pods-QuickDoTests.release.xcconfig"; sourceTree = "<group>"; };
		5734DD491E10806900A1D414 /* UITextField+Padding.swift */ = {isa = PBXFileReference; fileEncoding = 4; lastKnownFileType = sourcecode.swift; path = "UITextField+Padding.swift"; sourceTree = "<group>"; };
		5734DD4B1E112F5B00A1D414 /* UIColor+Hex.swift */ = {isa = PBXFileReference; fileEncoding = 4; lastKnownFileType = sourcecode.swift; path = "UIColor+Hex.swift"; sourceTree = "<group>"; };
		573E27C41E0AC0A8008EAED9 /* QuickDo.app */ = {isa = PBXFileReference; explicitFileType = wrapper.application; includeInIndex = 0; path = QuickDo.app; sourceTree = BUILT_PRODUCTS_DIR; };
		573E27C71E0AC0A8008EAED9 /* AppDelegate.swift */ = {isa = PBXFileReference; lastKnownFileType = sourcecode.swift; path = AppDelegate.swift; sourceTree = "<group>"; };
		573E27CE1E0AC0A8008EAED9 /* Assets.xcassets */ = {isa = PBXFileReference; lastKnownFileType = folder.assetcatalog; path = Assets.xcassets; sourceTree = "<group>"; };
		573E27D11E0AC0A8008EAED9 /* Base */ = {isa = PBXFileReference; lastKnownFileType = file.storyboard; name = Base; path = Base.lproj/LaunchScreen.storyboard; sourceTree = "<group>"; };
		573E27D31E0AC0A8008EAED9 /* Info.plist */ = {isa = PBXFileReference; lastKnownFileType = text.plist.xml; path = Info.plist; sourceTree = "<group>"; };
		573E27D81E0AC0A8008EAED9 /* QuickDoTests.xctest */ = {isa = PBXFileReference; explicitFileType = wrapper.cfbundle; includeInIndex = 0; path = QuickDoTests.xctest; sourceTree = BUILT_PRODUCTS_DIR; };
		573E27DC1E0AC0A8008EAED9 /* QuickDoTests.swift */ = {isa = PBXFileReference; lastKnownFileType = sourcecode.swift; path = QuickDoTests.swift; sourceTree = "<group>"; };
		573E27DE1E0AC0A8008EAED9 /* Info.plist */ = {isa = PBXFileReference; lastKnownFileType = text.plist.xml; path = Info.plist; sourceTree = "<group>"; };
		5746F5E01E0B041F00F9AD84 /* TodoViewController.swift */ = {isa = PBXFileReference; fileEncoding = 4; lastKnownFileType = sourcecode.swift; path = TodoViewController.swift; sourceTree = "<group>"; };
		57755CD01E0D8ACD009CA196 /* Todo.swift */ = {isa = PBXFileReference; fileEncoding = 4; lastKnownFileType = sourcecode.swift; path = Todo.swift; sourceTree = "<group>"; };
		7592CC8393C2CA05C5A2F5D3 /* Pods-QuickDoTests.debug.xcconfig */ = {isa = PBXFileReference; includeInIndex = 1; lastKnownFileType = text.xcconfig; name = "Pods-QuickDoTests.debug.xcconfig"; path = "Pods/Target Support Files/Pods-QuickDoTests/Pods-QuickDoTests.debug.xcconfig"; sourceTree = "<group>"; };
		C7FB5FE3B3418CE51BB6FC1D /* Pods-QuickDo.release.xcconfig */ = {isa = PBXFileReference; includeInIndex = 1; lastKnownFileType = text.xcconfig; name = "Pods-QuickDo.release.xcconfig"; path = "Pods/Target Support Files/Pods-QuickDo/Pods-QuickDo.release.xcconfig"; sourceTree = "<group>"; };
		D8C6D86506F8BF709E5C4C89 /* Pods-QuickDo.debug.xcconfig */ = {isa = PBXFileReference; includeInIndex = 1; lastKnownFileType = text.xcconfig; name = "Pods-QuickDo.debug.xcconfig"; path = "Pods/Target Support Files/Pods-QuickDo/Pods-QuickDo.debug.xcconfig"; sourceTree = "<group>"; };
/* End PBXFileReference section */

/* Begin PBXFrameworksBuildPhase section */
		573E27C11E0AC0A8008EAED9 /* Frameworks */ = {
			isa = PBXFrameworksBuildPhase;
			buildActionMask = 2147483647;
			files = (
				34067E38FCA05E55457F9742 /* Pods_QuickDo.framework in Frameworks */,
			);
			runOnlyForDeploymentPostprocessing = 0;
		};
		573E27D51E0AC0A8008EAED9 /* Frameworks */ = {
			isa = PBXFrameworksBuildPhase;
			buildActionMask = 2147483647;
			files = (
				DB1C4DF685A8D79C0AEBBA10 /* Pods_QuickDoTests.framework in Frameworks */,
			);
			runOnlyForDeploymentPostprocessing = 0;
		};
/* End PBXFrameworksBuildPhase section */

/* Begin PBXGroup section */
		2E06BA48A57883316F43AF30 /* Frameworks */ = {
			isa = PBXGroup;
			children = (
				44EDDA4AEDEBA67AC9B88C82 /* Pods_QuickDo.framework */,
				14C53DA25DF87B8AE7D904DA /* Pods_QuickDoTests.framework */,
			);
			name = Frameworks;
			sourceTree = "<group>";
		};
		5734DD481E107EE300A1D414 /* Extensions */ = {
			isa = PBXGroup;
			children = (
				5734DD491E10806900A1D414 /* UITextField+Padding.swift */,
				5734DD4B1E112F5B00A1D414 /* UIColor+Hex.swift */,
			);
			name = Extensions;
			sourceTree = "<group>";
		};
		573E27BB1E0AC0A8008EAED9 = {
			isa = PBXGroup;
			children = (
				573E27C61E0AC0A8008EAED9 /* QuickDo */,
				573E27DB1E0AC0A8008EAED9 /* QuickDoTests */,
				573E27C51E0AC0A8008EAED9 /* Products */,
				8FF3F82AFB9789F752D83517 /* Pods */,
				2E06BA48A57883316F43AF30 /* Frameworks */,
			);
			sourceTree = "<group>";
		};
		573E27C51E0AC0A8008EAED9 /* Products */ = {
			isa = PBXGroup;
			children = (
				573E27C41E0AC0A8008EAED9 /* QuickDo.app */,
				573E27D81E0AC0A8008EAED9 /* QuickDoTests.xctest */,
			);
			name = Products;
			sourceTree = "<group>";
		};
		573E27C61E0AC0A8008EAED9 /* QuickDo */ = {
			isa = PBXGroup;
			children = (
				5734DD481E107EE300A1D414 /* Extensions */,
				57755CCF1E0D8AB7009CA196 /* Models */,
				5746F5E21E0B04FB00F9AD84 /* View Controllers */,
				573E27C71E0AC0A8008EAED9 /* AppDelegate.swift */,
				573E27CE1E0AC0A8008EAED9 /* Assets.xcassets */,
				573E27D01E0AC0A8008EAED9 /* LaunchScreen.storyboard */,
				573E27D31E0AC0A8008EAED9 /* Info.plist */,
			);
			path = QuickDo;
			sourceTree = "<group>";
		};
		573E27DB1E0AC0A8008EAED9 /* QuickDoTests */ = {
			isa = PBXGroup;
			children = (
				573E27DC1E0AC0A8008EAED9 /* QuickDoTests.swift */,
				573E27DE1E0AC0A8008EAED9 /* Info.plist */,
			);
			path = QuickDoTests;
			sourceTree = "<group>";
		};
		5746F5E21E0B04FB00F9AD84 /* View Controllers */ = {
			isa = PBXGroup;
			children = (
				5746F5E01E0B041F00F9AD84 /* TodoViewController.swift */,
			);
			name = "View Controllers";
			sourceTree = "<group>";
		};
		57755CCF1E0D8AB7009CA196 /* Models */ = {
			isa = PBXGroup;
			children = (
				57755CD01E0D8ACD009CA196 /* Todo.swift */,
			);
			name = Models;
			sourceTree = "<group>";
		};
		8FF3F82AFB9789F752D83517 /* Pods */ = {
			isa = PBXGroup;
			children = (
				D8C6D86506F8BF709E5C4C89 /* Pods-QuickDo.debug.xcconfig */,
				C7FB5FE3B3418CE51BB6FC1D /* Pods-QuickDo.release.xcconfig */,
				7592CC8393C2CA05C5A2F5D3 /* Pods-QuickDoTests.debug.xcconfig */,
				510B1E95B90032C45684076E /* Pods-QuickDoTests.release.xcconfig */,
			);
			name = Pods;
			sourceTree = "<group>";
		};
/* End PBXGroup section */

/* Begin PBXNativeTarget section */
		573E27C31E0AC0A8008EAED9 /* QuickDo */ = {
			isa = PBXNativeTarget;
			buildConfigurationList = 573E27E11E0AC0A8008EAED9 /* Build configuration list for PBXNativeTarget "QuickDo" */;
			buildPhases = (
				16CC0E06C6A56A7F2611BE81 /* [CP] Check Pods Manifest.lock */,
				573E27C01E0AC0A8008EAED9 /* Sources */,
				573E27C11E0AC0A8008EAED9 /* Frameworks */,
				573E27C21E0AC0A8008EAED9 /* Resources */,
				1B1B64ED6EB1FAE08D78570B /* [CP] Embed Pods Frameworks */,
				E59D89981E7BD4B85D30903C /* [CP] Copy Pods Resources */,
			);
			buildRules = (
			);
			dependencies = (
			);
			name = QuickDo;
			productName = QuickDo;
			productReference = 573E27C41E0AC0A8008EAED9 /* QuickDo.app */;
			productType = "com.apple.product-type.application";
		};
		573E27D71E0AC0A8008EAED9 /* QuickDoTests */ = {
			isa = PBXNativeTarget;
			buildConfigurationList = 573E27E41E0AC0A8008EAED9 /* Build configuration list for PBXNativeTarget "QuickDoTests" */;
			buildPhases = (
				E0DD0FBEE50FC805FD556950 /* [CP] Check Pods Manifest.lock */,
				573E27D41E0AC0A8008EAED9 /* Sources */,
				573E27D51E0AC0A8008EAED9 /* Frameworks */,
				573E27D61E0AC0A8008EAED9 /* Resources */,
				072F8E8CD602A0E29C80567E /* [CP] Embed Pods Frameworks */,
				843C702C3BCAD3107838144E /* [CP] Copy Pods Resources */,
			);
			buildRules = (
			);
			dependencies = (
				573E27DA1E0AC0A8008EAED9 /* PBXTargetDependency */,
			);
			name = QuickDoTests;
			productName = QuickDoTests;
			productReference = 573E27D81E0AC0A8008EAED9 /* QuickDoTests.xctest */;
			productType = "com.apple.product-type.bundle.unit-test";
		};
/* End PBXNativeTarget section */

/* Begin PBXProject section */
		573E27BC1E0AC0A8008EAED9 /* Project object */ = {
			isa = PBXProject;
			attributes = {
				LastSwiftUpdateCheck = 0820;
				LastUpgradeCheck = 0820;
				ORGANIZATIONNAME = "Cleber Santos";
				TargetAttributes = {
					573E27C31E0AC0A8008EAED9 = {
						CreatedOnToolsVersion = 8.2;
						ProvisioningStyle = Automatic;
					};
					573E27D71E0AC0A8008EAED9 = {
						CreatedOnToolsVersion = 8.2;
						ProvisioningStyle = Automatic;
						TestTargetID = 573E27C31E0AC0A8008EAED9;
					};
				};
			};
			buildConfigurationList = 573E27BF1E0AC0A8008EAED9 /* Build configuration list for PBXProject "QuickDo" */;
			compatibilityVersion = "Xcode 3.2";
			developmentRegion = English;
			hasScannedForEncodings = 0;
			knownRegions = (
				en,
				Base,
			);
			mainGroup = 573E27BB1E0AC0A8008EAED9;
			productRefGroup = 573E27C51E0AC0A8008EAED9 /* Products */;
			projectDirPath = "";
			projectRoot = "";
			targets = (
				573E27C31E0AC0A8008EAED9 /* QuickDo */,
				573E27D71E0AC0A8008EAED9 /* QuickDoTests */,
			);
		};
/* End PBXProject section */

/* Begin PBXResourcesBuildPhase section */
		573E27C21E0AC0A8008EAED9 /* Resources */ = {
			isa = PBXResourcesBuildPhase;
			buildActionMask = 2147483647;
			files = (
				573E27D21E0AC0A8008EAED9 /* LaunchScreen.storyboard in Resources */,
				573E27CF1E0AC0A8008EAED9 /* Assets.xcassets in Resources */,
			);
			runOnlyForDeploymentPostprocessing = 0;
		};
		573E27D61E0AC0A8008EAED9 /* Resources */ = {
			isa = PBXResourcesBuildPhase;
			buildActionMask = 2147483647;
			files = (
			);
			runOnlyForDeploymentPostprocessing = 0;
		};
/* End PBXResourcesBuildPhase section */

/* Begin PBXShellScriptBuildPhase section */
		072F8E8CD602A0E29C80567E /* [CP] Embed Pods Frameworks */ = {
			isa = PBXShellScriptBuildPhase;
			buildActionMask = 2147483647;
			files = (
			);
			inputPaths = (
			);
			name = "[CP] Embed Pods Frameworks";
			outputPaths = (
			);
			runOnlyForDeploymentPostprocessing = 0;
			shellPath = /bin/sh;
			shellScript = "\"${SRCROOT}/Pods/Target Support Files/Pods-QuickDoTests/Pods-QuickDoTests-frameworks.sh\"\n";
			showEnvVarsInLog = 0;
		};
		16CC0E06C6A56A7F2611BE81 /* [CP] Check Pods Manifest.lock */ = {
			isa = PBXShellScriptBuildPhase;
			buildActionMask = 2147483647;
			files = (
			);
			inputPaths = (
			);
			name = "[CP] Check Pods Manifest.lock";
			outputPaths = (
			);
			runOnlyForDeploymentPostprocessing = 0;
			shellPath = /bin/sh;
			shellScript = "diff \"${PODS_ROOT}/../Podfile.lock\" \"${PODS_ROOT}/Manifest.lock\" > /dev/null\nif [ $? != 0 ] ; then\n    # print error to STDERR\n    echo \"error: The sandbox is not in sync with the Podfile.lock. Run 'pod install' or update your CocoaPods installation.\" >&2\n    exit 1\nfi\n";
			showEnvVarsInLog = 0;
		};
		1B1B64ED6EB1FAE08D78570B /* [CP] Embed Pods Frameworks */ = {
			isa = PBXShellScriptBuildPhase;
			buildActionMask = 2147483647;
			files = (
			);
			inputPaths = (
			);
			name = "[CP] Embed Pods Frameworks";
			outputPaths = (
			);
			runOnlyForDeploymentPostprocessing = 0;
			shellPath = /bin/sh;
			shellScript = "\"${SRCROOT}/Pods/Target Support Files/Pods-QuickDo/Pods-QuickDo-frameworks.sh\"\n";
			showEnvVarsInLog = 0;
		};
		843C702C3BCAD3107838144E /* [CP] Copy Pods Resources */ = {
			isa = PBXShellScriptBuildPhase;
			buildActionMask = 2147483647;
			files = (
			);
			inputPaths = (
			);
			name = "[CP] Copy Pods Resources";
			outputPaths = (
			);
			runOnlyForDeploymentPostprocessing = 0;
			shellPath = /bin/sh;
			shellScript = "\"${SRCROOT}/Pods/Target Support Files/Pods-QuickDoTests/Pods-QuickDoTests-resources.sh\"\n";
			showEnvVarsInLog = 0;
		};
		E0DD0FBEE50FC805FD556950 /* [CP] Check Pods Manifest.lock */ = {
			isa = PBXShellScriptBuildPhase;
			buildActionMask = 2147483647;
			files = (
			);
			inputPaths = (
			);
			name = "[CP] Check Pods Manifest.lock";
			outputPaths = (
			);
			runOnlyForDeploymentPostprocessing = 0;
			shellPath = /bin/sh;
			shellScript = "diff \"${PODS_ROOT}/../Podfile.lock\" \"${PODS_ROOT}/Manifest.lock\" > /dev/null\nif [ $? != 0 ] ; then\n    # print error to STDERR\n    echo \"error: The sandbox is not in sync with the Podfile.lock. Run 'pod install' or update your CocoaPods installation.\" >&2\n    exit 1\nfi\n";
			showEnvVarsInLog = 0;
		};
		E59D89981E7BD4B85D30903C /* [CP] Copy Pods Resources */ = {
			isa = PBXShellScriptBuildPhase;
			buildActionMask = 2147483647;
			files = (
			);
			inputPaths = (
			);
			name = "[CP] Copy Pods Resources";
			outputPaths = (
			);
			runOnlyForDeploymentPostprocessing = 0;
			shellPath = /bin/sh;
			shellScript = "\"${SRCROOT}/Pods/Target Support Files/Pods-QuickDo/Pods-QuickDo-resources.sh\"\n";
			showEnvVarsInLog = 0;
		};
/* End PBXShellScriptBuildPhase section */

/* Begin PBXSourcesBuildPhase section */
		573E27C01E0AC0A8008EAED9 /* Sources */ = {
			isa = PBXSourcesBuildPhase;
			buildActionMask = 2147483647;
			files = (
				5746F5E11E0B041F00F9AD84 /* TodoViewController.swift in Sources */,
				5734DD4A1E10806900A1D414 /* UITextField+Padding.swift in Sources */,
				57755CD11E0D8ACD009CA196 /* Todo.swift in Sources */,
				5734DD4C1E112F5B00A1D414 /* UIColor+Hex.swift in Sources */,
				573E27C81E0AC0A8008EAED9 /* AppDelegate.swift in Sources */,
			);
			runOnlyForDeploymentPostprocessing = 0;
		};
		573E27D41E0AC0A8008EAED9 /* Sources */ = {
			isa = PBXSourcesBuildPhase;
			buildActionMask = 2147483647;
			files = (
				573E27DD1E0AC0A8008EAED9 /* QuickDoTests.swift in Sources */,
			);
			runOnlyForDeploymentPostprocessing = 0;
		};
/* End PBXSourcesBuildPhase section */

/* Begin PBXTargetDependency section */
		573E27DA1E0AC0A8008EAED9 /* PBXTargetDependency */ = {
			isa = PBXTargetDependency;
			target = 573E27C31E0AC0A8008EAED9 /* QuickDo */;
			targetProxy = 573E27D91E0AC0A8008EAED9 /* PBXContainerItemProxy */;
		};
/* End PBXTargetDependency section */

/* Begin PBXVariantGroup section */
		573E27D01E0AC0A8008EAED9 /* LaunchScreen.storyboard */ = {
			isa = PBXVariantGroup;
			children = (
				573E27D11E0AC0A8008EAED9 /* Base */,
			);
			name = LaunchScreen.storyboard;
			sourceTree = "<group>";
		};
/* End PBXVariantGroup section */

/* Begin XCBuildConfiguration section */
		573E27DF1E0AC0A8008EAED9 /* Debug */ = {
			isa = XCBuildConfiguration;
			buildSettings = {
				ALWAYS_SEARCH_USER_PATHS = NO;
				CLANG_ANALYZER_NONNULL = YES;
				CLANG_CXX_LANGUAGE_STANDARD = "gnu++0x";
				CLANG_CXX_LIBRARY = "libc++";
				CLANG_ENABLE_MODULES = YES;
				CLANG_ENABLE_OBJC_ARC = YES;
				CLANG_WARN_BOOL_CONVERSION = YES;
				CLANG_WARN_CONSTANT_CONVERSION = YES;
				CLANG_WARN_DIRECT_OBJC_ISA_USAGE = YES_ERROR;
				CLANG_WARN_DOCUMENTATION_COMMENTS = YES;
				CLANG_WARN_EMPTY_BODY = YES;
				CLANG_WARN_ENUM_CONVERSION = YES;
				CLANG_WARN_INFINITE_RECURSION = YES;
				CLANG_WARN_INT_CONVERSION = YES;
				CLANG_WARN_OBJC_ROOT_CLASS = YES_ERROR;
				CLANG_WARN_SUSPICIOUS_MOVE = YES;
				CLANG_WARN_UNREACHABLE_CODE = YES;
				CLANG_WARN__DUPLICATE_METHOD_MATCH = YES;
				"CODE_SIGN_IDENTITY[sdk=iphoneos*]" = "iPhone Developer";
				COPY_PHASE_STRIP = NO;
				DEBUG_INFORMATION_FORMAT = dwarf;
				ENABLE_STRICT_OBJC_MSGSEND = YES;
				ENABLE_TESTABILITY = YES;
				GCC_C_LANGUAGE_STANDARD = gnu99;
				GCC_DYNAMIC_NO_PIC = NO;
				GCC_NO_COMMON_BLOCKS = YES;
				GCC_OPTIMIZATION_LEVEL = 0;
				GCC_PREPROCESSOR_DEFINITIONS = (
					"DEBUG=1",
					"$(inherited)",
				);
				GCC_WARN_64_TO_32_BIT_CONVERSION = YES;
				GCC_WARN_ABOUT_RETURN_TYPE = YES_ERROR;
				GCC_WARN_UNDECLARED_SELECTOR = YES;
				GCC_WARN_UNINITIALIZED_AUTOS = YES_AGGRESSIVE;
				GCC_WARN_UNUSED_FUNCTION = YES;
				GCC_WARN_UNUSED_VARIABLE = YES;
				IPHONEOS_DEPLOYMENT_TARGET = 10.2;
				MTL_ENABLE_DEBUG_INFO = YES;
				ONLY_ACTIVE_ARCH = YES;
				SDKROOT = iphoneos;
				SWIFT_ACTIVE_COMPILATION_CONDITIONS = DEBUG;
				SWIFT_OPTIMIZATION_LEVEL = "-Onone";
			};
			name = Debug;
		};
		573E27E01E0AC0A8008EAED9 /* Release */ = {
			isa = XCBuildConfiguration;
			buildSettings = {
				ALWAYS_SEARCH_USER_PATHS = NO;
				CLANG_ANALYZER_NONNULL = YES;
				CLANG_CXX_LANGUAGE_STANDARD = "gnu++0x";
				CLANG_CXX_LIBRARY = "libc++";
				CLANG_ENABLE_MODULES = YES;
				CLANG_ENABLE_OBJC_ARC = YES;
				CLANG_WARN_BOOL_CONVERSION = YES;
				CLANG_WARN_CONSTANT_CONVERSION = YES;
				CLANG_WARN_DIRECT_OBJC_ISA_USAGE = YES_ERROR;
				CLANG_WARN_DOCUMENTATION_COMMENTS = YES;
				CLANG_WARN_EMPTY_BODY = YES;
				CLANG_WARN_ENUM_CONVERSION = YES;
				CLANG_WARN_INFINITE_RECURSION = YES;
				CLANG_WARN_INT_CONVERSION = YES;
				CLANG_WARN_OBJC_ROOT_CLASS = YES_ERROR;
				CLANG_WARN_SUSPICIOUS_MOVE = YES;
				CLANG_WARN_UNREACHABLE_CODE = YES;
				CLANG_WARN__DUPLICATE_METHOD_MATCH = YES;
				"CODE_SIGN_IDENTITY[sdk=iphoneos*]" = "iPhone Developer";
				COPY_PHASE_STRIP = NO;
				DEBUG_INFORMATION_FORMAT = "dwarf-with-dsym";
				ENABLE_NS_ASSERTIONS = NO;
				ENABLE_STRICT_OBJC_MSGSEND = YES;
				GCC_C_LANGUAGE_STANDARD = gnu99;
				GCC_NO_COMMON_BLOCKS = YES;
				GCC_WARN_64_TO_32_BIT_CONVERSION = YES;
				GCC_WARN_ABOUT_RETURN_TYPE = YES_ERROR;
				GCC_WARN_UNDECLARED_SELECTOR = YES;
				GCC_WARN_UNINITIALIZED_AUTOS = YES_AGGRESSIVE;
				GCC_WARN_UNUSED_FUNCTION = YES;
				GCC_WARN_UNUSED_VARIABLE = YES;
				IPHONEOS_DEPLOYMENT_TARGET = 10.2;
				MTL_ENABLE_DEBUG_INFO = NO;
				SDKROOT = iphoneos;
				SWIFT_OPTIMIZATION_LEVEL = "-Owholemodule";
				VALIDATE_PRODUCT = YES;
			};
			name = Release;
		};
		573E27E21E0AC0A8008EAED9 /* Debug */ = {
			isa = XCBuildConfiguration;
			baseConfigurationReference = D8C6D86506F8BF709E5C4C89 /* Pods-QuickDo.debug.xcconfig */;
			buildSettings = {
				ASSETCATALOG_COMPILER_APPICON_NAME = AppIcon;
				INFOPLIST_FILE = QuickDo/Info.plist;
				LD_RUNPATH_SEARCH_PATHS = "$(inherited) @executable_path/Frameworks";
				PRODUCT_BUNDLE_IDENTIFIER = com.clebersantos.QuickDo;
				PRODUCT_NAME = "$(TARGET_NAME)";
				SWIFT_VERSION = 3.0;
			};
			name = Debug;
		};
		573E27E31E0AC0A8008EAED9 /* Release */ = {
			isa = XCBuildConfiguration;
			baseConfigurationReference = C7FB5FE3B3418CE51BB6FC1D /* Pods-QuickDo.release.xcconfig */;
			buildSettings = {
				ASSETCATALOG_COMPILER_APPICON_NAME = AppIcon;
				INFOPLIST_FILE = QuickDo/Info.plist;
				LD_RUNPATH_SEARCH_PATHS = "$(inherited) @executable_path/Frameworks";
				PRODUCT_BUNDLE_IDENTIFIER = com.clebersantos.QuickDo;
				PRODUCT_NAME = "$(TARGET_NAME)";
				SWIFT_VERSION = 3.0;
			};
			name = Release;
		};
		573E27E51E0AC0A8008EAED9 /* Debug */ = {
			isa = XCBuildConfiguration;
			baseConfigurationReference = 7592CC8393C2CA05C5A2F5D3 /* Pods-QuickDoTests.debug.xcconfig */;
			buildSettings = {
				ALWAYS_EMBED_SWIFT_STANDARD_LIBRARIES = "$(inherited)";
				BUNDLE_LOADER = "$(TEST_HOST)";
				INFOPLIST_FILE = QuickDoTests/Info.plist;
				LD_RUNPATH_SEARCH_PATHS = "$(inherited) @executable_path/Frameworks @loader_path/Frameworks";
				PRODUCT_BUNDLE_IDENTIFIER = com.clebersantos.QuickDoTests;
				PRODUCT_NAME = "$(TARGET_NAME)";
				SWIFT_VERSION = 3.0;
				TEST_HOST = "$(BUILT_PRODUCTS_DIR)/QuickDo.app/QuickDo";
			};
			name = Debug;
		};
		573E27E61E0AC0A8008EAED9 /* Release */ = {
			isa = XCBuildConfiguration;
			baseConfigurationReference = 510B1E95B90032C45684076E /* Pods-QuickDoTests.release.xcconfig */;
			buildSettings = {
				ALWAYS_EMBED_SWIFT_STANDARD_LIBRARIES = "$(inherited)";
				BUNDLE_LOADER = "$(TEST_HOST)";
				INFOPLIST_FILE = QuickDoTests/Info.plist;
				LD_RUNPATH_SEARCH_PATHS = "$(inherited) @executable_path/Frameworks @loader_path/Frameworks";
				PRODUCT_BUNDLE_IDENTIFIER = com.clebersantos.QuickDoTests;
				PRODUCT_NAME = "$(TARGET_NAME)";
				SWIFT_VERSION = 3.0;
				TEST_HOST = "$(BUILT_PRODUCTS_DIR)/QuickDo.app/QuickDo";
			};
			name = Release;
		};
/* End XCBuildConfiguration section */

/* Begin XCConfigurationList section */
		573E27BF1E0AC0A8008EAED9 /* Build configuration list for PBXProject "QuickDo" */ = {
			isa = XCConfigurationList;
			buildConfigurations = (
				573E27DF1E0AC0A8008EAED9 /* Debug */,
				573E27E01E0AC0A8008EAED9 /* Release */,
			);
			defaultConfigurationIsVisible = 0;
			defaultConfigurationName = Release;
		};
		573E27E11E0AC0A8008EAED9 /* Build configuration list for PBXNativeTarget "QuickDo" */ = {
			isa = XCConfigurationList;
			buildConfigurations = (
				573E27E21E0AC0A8008EAED9 /* Debug */,
				573E27E31E0AC0A8008EAED9 /* Release */,
			);
			defaultConfigurationIsVisible = 0;
			defaultConfigurationName = Release;
		};
		573E27E41E0AC0A8008EAED9 /* Build configuration list for PBXNativeTarget "QuickDoTests" */ = {
			isa = XCConfigurationList;
			buildConfigurations = (
				573E27E51E0AC0A8008EAED9 /* Debug */,
				573E27E61E0AC0A8008EAED9 /* Release */,
			);
			defaultConfigurationIsVisible = 0;
			defaultConfigurationName = Release;
		};
/* End XCConfigurationList section */
	};
	rootObject = 573E27BC1E0AC0A8008EAED9 /* Project object */;
}
